PODS:
  - flutter_speech (0.0.1):
    - FlutterMacOS
  - FlutterMacOS (1.0.0)

DEPENDENCIES:
  - flutter_speech (from `Flutter/ephemeral/.symlinks/plugins/flutter_speech/macos`)
  - FlutterMacOS (from `Flutter/ephemeral`)

EXTERNAL SOURCES:
  flutter_speech:
    :path: Flutter/ephemeral/.symlinks/plugins/flutter_speech/macos
  FlutterMacOS:
    :path: Flutter/ephemeral

SPEC CHECKSUMS:
  flutter_speech: 5ef621aa91ebefe17ec7a585b3e2032c230b275f
  FlutterMacOS: 8f6f14fa908a6fb3fba0cd85dbd81ec4b251fb24

PODFILE CHECKSUM: 9ebaf0ce3d369aaa26a9ea0e159195ed94724cf3

COCOAPODS: 1.15.2
